{
  "originHash" : "cf9975242a9b9e7257d208e469d8901fac894e01154c3d9d30b6bdebd7e70b84",
  "pins" : [
    {
      "identity" : "swift-sdk",
      "kind" : "remoteSourceControl",
      "location" : "https://github.com/Netmera/swift-sdk",
      "state" : {
        "revision" : "81367feadd46953a4e2078ce303b08149bc4f1f4",
        "version" : "4.2.0"
      }
    }
  ],
  "version" : 3
}
